
Microsoft Visual Studio Solution File, Format Version 12.00
# Visual Studio Version 17
VisualStudioVersion = 17.14.36603.0 d17.14
MinimumVisualStudioVersion = 10.0.40219.1
Project("{FAE04EC0-301F-11D3-BF4B-00C04F79EFBC}") = "WpfApp1", "WpfApp1.csproj", "{44AB4AD6-4E50-4630-B921-C701C9B6CEAE}"
EndProject
Project("{54435603-DBB4-11D2-8724-00A0C9A8B90C}") = "Setup1", "Setup1\Setup1.vdproj", "{F5D91FD6-F519-3AC5-2EF1-6ADD62B256F6}"
EndProject
Global
	GlobalSection(SolutionConfigurationPlatforms) = preSolution
		Debug|Any CPU = Debug|Any CPU
		Release|Any CPU = Release|Any CPU
	EndGlobalSection
	GlobalSection(ProjectConfigurationPlatforms) = postSolution
		{44AB4AD6-4E50-4630-B921-C701C9B6CEAE}.Debug|Any CPU.ActiveCfg = Debug|Any CPU
		{44AB4AD6-4E50-4630-B921-C701C9B6CEAE}.Debug|Any CPU.Build.0 = Debug|Any CPU
		{44AB4AD6-4E50-4630-B921-C701C9B6CEAE}.Release|Any CPU.ActiveCfg = Release|Any CPU
		{44AB4AD6-4E50-4630-B921-C701C9B6CEAE}.Release|Any CPU.Build.0 = Release|Any CPU
		{F5D91FD6-F519-3AC5-2EF1-6ADD62B256F6}.Debug|Any CPU.ActiveCfg = Debug
		{F5D91FD6-F519-3AC5-2EF1-6ADD62B256F6}.Release|Any CPU.ActiveCfg = Release
	EndGlobalSection
	GlobalSection(SolutionProperties) = preSolution
		HideSolutionNode = FALSE
	EndGlobalSection
	GlobalSection(ExtensibilityGlobals) = postSolution
		SolutionGuid = {9806AF4B-F938-49B3-A9A9-C1FD2D72E228}
	EndGlobalSection
EndGlobal
